
Microsoft Visual Studio Solution File, Format Version 12.00
# Visual Studio Version 17
VisualStudioVersion = 17.9.34728.123
MinimumVisualStudioVersion = 10.0.40219.1
Project("{FAE04EC0-301F-11D3-BF4B-00C04F79EFBC}") = "Leetcode", "Leetcode.csproj", "{361D2103-91EC-4819-9F94-3EA3B543AB90}"
EndProject
Global
	GlobalSection(SolutionConfigurationPlatforms) = preSolution
		Debug|Any CPU = Debug|Any CPU
		Release|Any CPU = Release|Any CPU
	EndGlobalSection
	GlobalSection(ProjectConfigurationPlatforms) = postSolution
		{361D2103-91EC-4819-9F94-3EA3B543AB90}.Debug|Any CPU.ActiveCfg = Debug|Any CPU
		{361D2103-91EC-4819-9F94-3EA3B543AB90}.Debug|Any CPU.Build.0 = Debug|Any CPU
		{361D2103-91EC-4819-9F94-3EA3B543AB90}.Release|Any CPU.ActiveCfg = Release|Any CPU
		{361D2103-91EC-4819-9F94-3EA3B543AB90}.Release|Any CPU.Build.0 = Release|Any CPU
	EndGlobalSection
	GlobalSection(SolutionProperties) = preSolution
		HideSolutionNode = FALSE
	EndGlobalSection
	GlobalSection(ExtensibilityGlobals) = postSolution
		SolutionGuid = {8FCE730E-0525-4990-B64D-DDBCDDC3CF46}
	EndGlobalSection
EndGlobal
